
Microsoft Visual Studio Solution File, Format Version 12.00
# Visual Studio Version 16
VisualStudioVersion = 16.0.30413.136
MinimumVisualStudioVersion = 10.0.40219.1
Project("{FAE04EC0-301F-11D3-BF4B-00C04F79EFBC}") = "QuanLyTrangTrai", "WindowsFormsApp1\QuanLyTrangTrai.csproj", "{30B0FB0F-BE87-4E73-AD62-9EB2D7C86660}"
EndProject
Global
	GlobalSection(SolutionConfigurationPlatforms) = preSolution
		Debug|Any CPU = Debug|Any CPU
		Release|Any CPU = Release|Any CPU
	EndGlobalSection
	GlobalSection(ProjectConfigurationPlatforms) = postSolution
		{30B0FB0F-BE87-4E73-AD62-9EB2D7C86660}.Debug|Any CPU.ActiveCfg = Debug|Any CPU
		{30B0FB0F-BE87-4E73-AD62-9EB2D7C86660}.Debug|Any CPU.Build.0 = Debug|Any CPU
		{30B0FB0F-BE87-4E73-AD62-9EB2D7C86660}.Release|Any CPU.ActiveCfg = Release|Any CPU
		{30B0FB0F-BE87-4E73-AD62-9EB2D7C86660}.Release|Any CPU.Build.0 = Release|Any CPU
	EndGlobalSection
	GlobalSection(SolutionProperties) = preSolution
		HideSolutionNode = FALSE
	EndGlobalSection
	GlobalSection(ExtensibilityGlobals) = postSolution
		SolutionGuid = {D65FD77F-1863-476B-A2B4-EF55EB3D5E13}
	EndGlobalSection
EndGlobal
